# THIS IS AN AUTOGENERATED FILE. DO NOT EDIT THIS FILE DIRECTLY.
# yarn lockfile v1


"@apollo/client@^4.1.2":
  version "4.1.2"
  resolved "https://registry.npmjs.org/@apollo/client/-/client-4.1.2.tgz"
  integrity sha512-MxlWuO94Y6TRf6+d4KfG5bCUXg5NP4s7zPKRA0PDNNa18K86zcbpHUgWKdx6wMT/5KVMeC5rsZkDqZLr/R0mFw==
  dependencies:
    "@graphql-typed-document-node/core" "^3.1.1"
    "@wry/caches" "^1.0.0"
    "@wry/equality" "^0.5.6"
    "@wry/trie" "^0.5.0"
    graphql-tag "^2.12.6"
    optimism "^0.18.0"
    tslib "^2.3.0"

"@esbuild/linux-x64@0.27.2":
  version "0.27.2"
  resolved "https://registry.npmjs.org/@esbuild/linux-x64/-/linux-x64-0.27.2.tgz"
  integrity sha512-uwp2Tip5aPmH+NRUwTcfLb+W32WXjpFejTIOWZFw/v7/KnpCDKG66u4DLcurQpiYTiYwQ9B7KOeMJvLCu/OvbA==

"@graphql-typed-document-node/core@^3.1.1":
  version "3.2.0"
  resolved "https://registry.npmjs.org/@graphql-typed-document-node/core/-/core-3.2.0.tgz"
  integrity sha512-mB9oAsNCm9aM3/SOv4YtBMqZbYj10R7dkq8byBqxGY/ncFwhf2oQzMV+LCRlWoDSEBJ3COiR1yeDvMtsoOsuFQ==

"@types/node@^25.3.0":
  version "25.3.0"
  resolved "https://registry.npmmirror.com/@types/node/-/node-25.3.0.tgz"
  integrity sha512-4K3bqJpXpqfg2XKGK9bpDTc6xO/xoUP/RBWS7AtRMug6zZFaRekiLzjVtAoZMquxoAbzBvy5nxQ7veS5eYzf8A==
  dependencies:
    undici-types "~7.18.0"

"@wry/caches@^1.0.0":
  version "1.0.1"
  resolved "https://registry.npmjs.org/@wry/caches/-/caches-1.0.1.tgz"
  integrity sha512-bXuaUNLVVkD20wcGBWRyo7j9N3TxePEWFZj2Y+r9OoUzfqmavM84+mFykRicNsBqatba5JLay1t48wxaXaWnlA==
  dependencies:
    tslib "^2.3.0"

"@wry/context@^0.7.0":
  version "0.7.4"
  resolved "https://registry.npmjs.org/@wry/context/-/context-0.7.4.tgz"
  integrity sha512-jmT7Sb4ZQWI5iyu3lobQxICu2nC/vbUhP0vIdd6tHC9PTfenmRmuIFqktc6GH9cgi+ZHnsLWPvfSvc4DrYmKiQ==
  dependencies:
    tslib "^2.3.0"

"@wry/equality@^0.5.6":
  version "0.5.7"
  resolved "https://registry.npmjs.org/@wry/equality/-/equality-0.5.7.tgz"
  integrity sha512-BRFORjsTuQv5gxcXsuDXx6oGRhuVsEGwZy6LOzRRfgu+eSfxbhUQ9L9YtSEIuIjY/o7g3iWFjrc5eSY1GXP2Dw==
  dependencies:
    tslib "^2.3.0"

"@wry/trie@^0.5.0":
  version "0.5.0"
  resolved "https://registry.npmjs.org/@wry/trie/-/trie-0.5.0.tgz"
  integrity sha512-FNoYzHawTMk/6KMQoEG5O4PuioX19UbwdQKF44yw0nLfOypfQdjtfZzo/UIJWAJ23sNIFbD1Ug9lbaDGMwbqQA==
  dependencies:
    tslib "^2.3.0"

esbuild@~0.27.0:
  version "0.27.2"
  resolved "https://registry.npmjs.org/esbuild/-/esbuild-0.27.2.tgz"
  integrity sha512-HyNQImnsOC7X9PMNaCIeAm4ISCQXs5a5YasTXVliKv4uuBo1dKrG0A+uQS8M5eXjVMnLg3WgXaKvprHlFJQffw==
  optionalDependencies:
    "@esbuild/aix-ppc64" "0.27.2"
    "@esbuild/android-arm" "0.27.2"
    "@esbuild/android-arm64" "0.27.2"
    "@esbuild/android-x64" "0.27.2"
    "@esbuild/darwin-arm64" "0.27.2"
    "@esbuild/darwin-x64" "0.27.2"
    "@esbuild/freebsd-arm64" "0.27.2"
    "@esbuild/freebsd-x64" "0.27.2"
    "@esbuild/linux-arm" "0.27.2"
    "@esbuild/linux-arm64" "0.27.2"
    "@esbuild/linux-ia32" "0.27.2"
    "@esbuild/linux-loong64" "0.27.2"
    "@esbuild/linux-mips64el" "0.27.2"
    "@esbuild/linux-ppc64" "0.27.2"
    "@esbuild/linux-riscv64" "0.27.2"
    "@esbuild/linux-s390x" "0.27.2"
    "@esbuild/linux-x64" "0.27.2"
    "@esbuild/netbsd-arm64" "0.27.2"
    "@esbuild/netbsd-x64" "0.27.2"
    "@esbuild/openbsd-arm64" "0.27.2"
    "@esbuild/openbsd-x64" "0.27.2"
    "@esbuild/openharmony-arm64" "0.27.2"
    "@esbuild/sunos-x64" "0.27.2"
    "@esbuild/win32-arm64" "0.27.2"
    "@esbuild/win32-ia32" "0.27.2"
    "@esbuild/win32-x64" "0.27.2"

get-tsconfig@^4.7.5:
  version "4.13.0"
  resolved "https://registry.npmjs.org/get-tsconfig/-/get-tsconfig-4.13.0.tgz"
  integrity sha512-1VKTZJCwBrvbd+Wn3AOgQP/2Av+TfTCOlE4AcRJE72W1ksZXbAx8PPBR9RzgTeSPzlPMHrbANMH3LbltH73wxQ==
  dependencies:
    resolve-pkg-maps "^1.0.0"

graphql-tag@^2.12.6:
  version "2.12.6"
  resolved "https://registry.npmjs.org/graphql-tag/-/graphql-tag-2.12.6.tgz"
  integrity sha512-FdSNcu2QQcWnM2VNvSCCDCVS5PpPqpzgFT8+GXzqJuoDd0CBncxCY278u4mhRO7tMgo2JjgJA5aZ+nWSQ/Z+xg==
  dependencies:
    tslib "^2.1.0"

"graphql@^0.8.0 || ^0.9.0 || ^0.10.0 || ^0.11.0 || ^0.12.0 || ^0.13.0 || ^14.0.0 || ^15.0.0 || ^16.0.0 || ^17.0.0", "graphql@^0.9.0 || ^0.10.0 || ^0.11.0 || ^0.12.0 || ^0.13.0 || ^14.0.0 || ^15.0.0 || ^16.0.0", graphql@^16.0.0, graphql@^16.12.0:
  version "16.12.0"
  resolved "https://registry.npmjs.org/graphql/-/graphql-16.12.0.tgz"
  integrity sha512-DKKrynuQRne0PNpEbzuEdHlYOMksHSUI8Zc9Unei5gTsMNA2/vMpoMz/yKba50pejK56qj98qM0SjYxAKi13gQ==

optimism@^0.18.0:
  version "0.18.1"
  resolved "https://registry.npmjs.org/optimism/-/optimism-0.18.1.tgz"
  integrity sha512-mLXNwWPa9dgFyDqkNi54sjDyNJ9/fTI6WGBLgnXku1vdKY/jovHfZT5r+aiVeFFLOz+foPNOm5YJ4mqgld2GBQ==
  dependencies:
    "@wry/caches" "^1.0.0"
    "@wry/context" "^0.7.0"
    "@wry/trie" "^0.5.0"
    tslib "^2.3.0"

resolve-pkg-maps@^1.0.0:
  version "1.0.0"
  resolved "https://registry.npmjs.org/resolve-pkg-maps/-/resolve-pkg-maps-1.0.0.tgz"
  integrity sha512-seS2Tj26TBVOC2NIc2rOe2y2ZO7efxITtLZcGSOnHHNOQ7CkiUBfw0Iw2ck6xkIhPwLhKNLS8BO+hEpngQlqzw==

rxjs@^7.3.0, rxjs@^7.8.2:
  version "7.8.2"
  resolved "https://registry.npmjs.org/rxjs/-/rxjs-7.8.2.tgz"
  integrity sha512-dhKf903U/PQZY6boNNtAGdWbG85WAbjT/1xYoZIC7FAY0yWapOBQVsVrDl58W86//e1VpMNBtRV4MaXfdMySFA==
  dependencies:
    tslib "^2.1.0"

tslib@^2.1.0, tslib@^2.3.0:
  version "2.8.1"
  resolved "https://registry.npmjs.org/tslib/-/tslib-2.8.1.tgz"
  integrity sha512-oJFu94HQb+KVduSUQL7wnpmqnfmLsOA/nAh6b6EH0wCEoK0/mPeXU6c3wKDV83MkOuHPRHtSXKKU99IBazS/2w==

tsx@^4.21.0:
  version "4.21.0"
  resolved "https://registry.npmjs.org/tsx/-/tsx-4.21.0.tgz"
  integrity sha512-5C1sg4USs1lfG0GFb2RLXsdpXqBSEhAaA/0kPL01wxzpMqLILNxIxIOKiILz+cdg/pLnOUxFYOR5yhHU666wbw==
  dependencies:
    esbuild "~0.27.0"
    get-tsconfig "^4.7.5"
  optionalDependencies:
    fsevents "~2.3.3"

typescript@^5.9.3:
  version "5.9.3"
  resolved "https://registry.npmjs.org/typescript/-/typescript-5.9.3.tgz"
  integrity sha512-jl1vZzPDinLr9eUt3J/t7V6FgNEw9QjvBPdysz9KfQDD41fQrC2Y4vKQdiaUpFT4bXlb1RHhLpp8wtm6M5TgSw==

undici-types@~7.18.0:
  version "7.18.2"
  resolved "https://registry.npmmirror.com/undici-types/-/undici-types-7.18.2.tgz"
  integrity sha512-AsuCzffGHJybSaRrmr5eHr81mwJU3kjw6M+uprWvCXiNeN9SOGwQ3Jn8jb8m3Z6izVgknn1R0FTCEAP2QrLY/w==

uuid@^13.0.0:
  version "13.0.0"
  resolved "https://registry.npmjs.org/uuid/-/uuid-13.0.0.tgz"
  integrity sha512-XQegIaBTVUjSHliKqcnFqYypAd4S+WCYt5NIeRs6w/UAry7z8Y9j5ZwRRL4kzq9U3sD6v+85er9FvkEaBpji2w==

yaml@^2.8.2:
  version "2.8.2"
  resolved "https://registry.npmjs.org/yaml/-/yaml-2.8.2.tgz"
  integrity sha512-mplynKqc1C2hTVYxd0PU2xQAc22TI1vShAYGksCCfxbn/dFwnHTNi1bvYsBTkhdUNtGIf5xNOg938rrSSYvS9A==
